
Microsoft Visual Studio Solution File, Format Version 12.00
# Visual Studio Version 16
VisualStudioVersion = 25.0.1706.0
MinimumVisualStudioVersion = 10.0.40219.1
Project("{FAE04EC0-301F-11D3-BF4B-00C04F79EFBC}") = "Eisenhower_Matrix", "Eisenhower_Matrix\Eisenhower_Matrix.csproj", "{FF8D4072-C361-4E77-B262-8DE87F173A95}"
EndProject
Global
	GlobalSection(SolutionConfigurationPlatforms) = preSolution
		Debug|Any CPU = Debug|Any CPU
		Release|Any CPU = Release|Any CPU
	EndGlobalSection
	GlobalSection(ProjectConfigurationPlatforms) = postSolution
		{FF8D4072-C361-4E77-B262-8DE87F173A95}.Debug|Any CPU.ActiveCfg = Debug|Any CPU
		{FF8D4072-C361-4E77-B262-8DE87F173A95}.Debug|Any CPU.Build.0 = Debug|Any CPU
		{FF8D4072-C361-4E77-B262-8DE87F173A95}.Release|Any CPU.ActiveCfg = Release|Any CPU
		{FF8D4072-C361-4E77-B262-8DE87F173A95}.Release|Any CPU.Build.0 = Release|Any CPU
	EndGlobalSection
	GlobalSection(SolutionProperties) = preSolution
		HideSolutionNode = FALSE
	EndGlobalSection
	GlobalSection(ExtensibilityGlobals) = postSolution
		SolutionGuid = {6B9DFAD1-29C7-4AF5-9F37-9B24CBC63C6B}
	EndGlobalSection
EndGlobal
